
Microsoft Visual Studio Solution File, Format Version 12.00
# Visual Studio Version 16
VisualStudioVersion = 16.0.29920.165
MinimumVisualStudioVersion = 10.0.40219.1
Project("{FAE04EC0-301F-11D3-BF4B-00C04F79EFBC}") = "learn-csharp-winform", "learn-csharp-winform.csproj", "{036D02FE-9880-4966-BD4C-11BC4E4FC557}"
EndProject
Global
	GlobalSection(SolutionConfigurationPlatforms) = preSolution
		Debug|Any CPU = Debug|Any CPU
		Release|Any CPU = Release|Any CPU
	EndGlobalSection
	GlobalSection(ProjectConfigurationPlatforms) = postSolution
		{036D02FE-9880-4966-BD4C-11BC4E4FC557}.Debug|Any CPU.ActiveCfg = Debug|Any CPU
		{036D02FE-9880-4966-BD4C-11BC4E4FC557}.Debug|Any CPU.Build.0 = Debug|Any CPU
		{036D02FE-9880-4966-BD4C-11BC4E4FC557}.Release|Any CPU.ActiveCfg = Release|Any CPU
		{036D02FE-9880-4966-BD4C-11BC4E4FC557}.Release|Any CPU.Build.0 = Release|Any CPU
	EndGlobalSection
	GlobalSection(SolutionProperties) = preSolution
		HideSolutionNode = FALSE
	EndGlobalSection
	GlobalSection(ExtensibilityGlobals) = postSolution
		SolutionGuid = {078C714A-B77E-4285-B22B-55D91E30DF37}
	EndGlobalSection
EndGlobal
